
Microsoft Visual Studio Solution File, Format Version 12.00
# Visual Studio Version 17
VisualStudioVersion = 17.3.32922.545
MinimumVisualStudioVersion = 10.0.40219.1
Project("{2150E333-8FDC-42A3-9474-1A3956D46DE8}") = "src", "src", "{AFF87997-2F55-4FAE-A183-2A559355201E}"
EndProject
Project("{9A19103F-16F7-4668-BE54-9A1E7A4F7556}") = "Domain", "Domain\Domain.csproj", "{A424F612-3E85-4494-AE09-58FDC8F1B956}"
EndProject
Project("{9A19103F-16F7-4668-BE54-9A1E7A4F7556}") = "Application", "Application\Application.csproj", "{35B2E663-8113-461C-BFED-63B70AC61E14}"
EndProject
Project("{9A19103F-16F7-4668-BE54-9A1E7A4F7556}") = "Infrastructure", "Infrastructure\Infrastructure.csproj", "{EBCD1740-F570-48C5-A229-7B6AC00C35BE}"
EndProject
Project("{9A19103F-16F7-4668-BE54-9A1E7A4F7556}") = "WebAPI", "WebAPI\WebAPI.csproj", "{EC17CC42-7052-4AC7-955A-3AFE013701D5}"
EndProject
Global
	GlobalSection(SolutionConfigurationPlatforms) = preSolution
		Debug|Any CPU = Debug|Any CPU
		Release|Any CPU = Release|Any CPU
	EndGlobalSection
	GlobalSection(ProjectConfigurationPlatforms) = postSolution
		{A424F612-3E85-4494-AE09-58FDC8F1B956}.Debug|Any CPU.ActiveCfg = Debug|Any CPU
		{A424F612-3E85-4494-AE09-58FDC8F1B956}.Debug|Any CPU.Build.0 = Debug|Any CPU
		{A424F612-3E85-4494-AE09-58FDC8F1B956}.Release|Any CPU.ActiveCfg = Release|Any CPU
		{A424F612-3E85-4494-AE09-58FDC8F1B956}.Release|Any CPU.Build.0 = Release|Any CPU
		{35B2E663-8113-461C-BFED-63B70AC61E14}.Debug|Any CPU.ActiveCfg = Debug|Any CPU
		{35B2E663-8113-461C-BFED-63B70AC61E14}.Debug|Any CPU.Build.0 = Debug|Any CPU
		{35B2E663-8113-461C-BFED-63B70AC61E14}.Release|Any CPU.ActiveCfg = Release|Any CPU
		{35B2E663-8113-461C-BFED-63B70AC61E14}.Release|Any CPU.Build.0 = Release|Any CPU
		{EBCD1740-F570-48C5-A229-7B6AC00C35BE}.Debug|Any CPU.ActiveCfg = Debug|Any CPU
		{EBCD1740-F570-48C5-A229-7B6AC00C35BE}.Debug|Any CPU.Build.0 = Debug|Any CPU
		{EBCD1740-F570-48C5-A229-7B6AC00C35BE}.Release|Any CPU.ActiveCfg = Release|Any CPU
		{EBCD1740-F570-48C5-A229-7B6AC00C35BE}.Release|Any CPU.Build.0 = Release|Any CPU
		{EC17CC42-7052-4AC7-955A-3AFE013701D5}.Debug|Any CPU.ActiveCfg = Debug|Any CPU
		{EC17CC42-7052-4AC7-955A-3AFE013701D5}.Debug|Any CPU.Build.0 = Debug|Any CPU
		{EC17CC42-7052-4AC7-955A-3AFE013701D5}.Release|Any CPU.ActiveCfg = Release|Any CPU
		{EC17CC42-7052-4AC7-955A-3AFE013701D5}.Release|Any CPU.Build.0 = Release|Any CPU
	EndGlobalSection
	GlobalSection(SolutionProperties) = preSolution
		HideSolutionNode = FALSE
	EndGlobalSection
	GlobalSection(NestedProjects) = preSolution
		{A424F612-3E85-4494-AE09-58FDC8F1B956} = {AFF87997-2F55-4FAE-A183-2A559355201E}
		{35B2E663-8113-461C-BFED-63B70AC61E14} = {AFF87997-2F55-4FAE-A183-2A559355201E}
		{EBCD1740-F570-48C5-A229-7B6AC00C35BE} = {AFF87997-2F55-4FAE-A183-2A559355201E}
		{EC17CC42-7052-4AC7-955A-3AFE013701D5} = {AFF87997-2F55-4FAE-A183-2A559355201E}
	EndGlobalSection
	GlobalSection(ExtensibilityGlobals) = postSolution
		SolutionGuid = {1F763BB5-1583-4B31-AD10-BEBCD01D9CBD}
	EndGlobalSection
EndGlobal
