
Microsoft Visual Studio Solution File, Format Version 12.00
# Visual Studio Version 17
VisualStudioVersion = 17.7.34003.232
MinimumVisualStudioVersion = 10.0.40219.1
Project("{9A19103F-16F7-4668-BE54-9A1E7A4F7556}") = "WebAPI", "WebAPI.csproj", "{18C32CB7-5E09-4445-BC66-C6A771848F42}"
EndProject
Project("{9A19103F-16F7-4668-BE54-9A1E7A4F7556}") = "Infrastructure", "..\Infrastructure\Infrastructure.csproj", "{7C393958-CA71-4E47-B463-DBE1520C89BA}"
EndProject
Project("{9A19103F-16F7-4668-BE54-9A1E7A4F7556}") = "Domain", "..\Domain\Domain.csproj", "{7702E90C-8C33-4023-9E82-ED6D3F96CEA9}"
EndProject
Project("{9A19103F-16F7-4668-BE54-9A1E7A4F7556}") = "Application", "..\Application\Application.csproj", "{CDB50B23-2E04-4AA4-B170-EFEC0DDE7120}"
EndProject
Project("{9A19103F-16F7-4668-BE54-9A1E7A4F7556}") = "TestEngineering", "..\..\TestEngineering\TestEngineering\TestEngineering.csproj", "{EF42B3EF-5093-4508-AE75-624FA7E6BE61}"
EndProject
Global
	GlobalSection(SolutionConfigurationPlatforms) = preSolution
		Debug|Any CPU = Debug|Any CPU
		Release|Any CPU = Release|Any CPU
	EndGlobalSection
	GlobalSection(ProjectConfigurationPlatforms) = postSolution
		{18C32CB7-5E09-4445-BC66-C6A771848F42}.Debug|Any CPU.ActiveCfg = Debug|Any CPU
		{18C32CB7-5E09-4445-BC66-C6A771848F42}.Debug|Any CPU.Build.0 = Debug|Any CPU
		{18C32CB7-5E09-4445-BC66-C6A771848F42}.Release|Any CPU.ActiveCfg = Release|Any CPU
		{18C32CB7-5E09-4445-BC66-C6A771848F42}.Release|Any CPU.Build.0 = Release|Any CPU
		{7C393958-CA71-4E47-B463-DBE1520C89BA}.Debug|Any CPU.ActiveCfg = Debug|Any CPU
		{7C393958-CA71-4E47-B463-DBE1520C89BA}.Debug|Any CPU.Build.0 = Debug|Any CPU
		{7C393958-CA71-4E47-B463-DBE1520C89BA}.Release|Any CPU.ActiveCfg = Release|Any CPU
		{7C393958-CA71-4E47-B463-DBE1520C89BA}.Release|Any CPU.Build.0 = Release|Any CPU
		{7702E90C-8C33-4023-9E82-ED6D3F96CEA9}.Debug|Any CPU.ActiveCfg = Debug|Any CPU
		{7702E90C-8C33-4023-9E82-ED6D3F96CEA9}.Debug|Any CPU.Build.0 = Debug|Any CPU
		{7702E90C-8C33-4023-9E82-ED6D3F96CEA9}.Release|Any CPU.ActiveCfg = Release|Any CPU
		{7702E90C-8C33-4023-9E82-ED6D3F96CEA9}.Release|Any CPU.Build.0 = Release|Any CPU
		{CDB50B23-2E04-4AA4-B170-EFEC0DDE7120}.Debug|Any CPU.ActiveCfg = Debug|Any CPU
		{CDB50B23-2E04-4AA4-B170-EFEC0DDE7120}.Debug|Any CPU.Build.0 = Debug|Any CPU
		{CDB50B23-2E04-4AA4-B170-EFEC0DDE7120}.Release|Any CPU.ActiveCfg = Release|Any CPU
		{CDB50B23-2E04-4AA4-B170-EFEC0DDE7120}.Release|Any CPU.Build.0 = Release|Any CPU
		{EF42B3EF-5093-4508-AE75-624FA7E6BE61}.Debug|Any CPU.ActiveCfg = Debug|Any CPU
		{EF42B3EF-5093-4508-AE75-624FA7E6BE61}.Debug|Any CPU.Build.0 = Debug|Any CPU
		{EF42B3EF-5093-4508-AE75-624FA7E6BE61}.Release|Any CPU.ActiveCfg = Release|Any CPU
		{EF42B3EF-5093-4508-AE75-624FA7E6BE61}.Release|Any CPU.Build.0 = Release|Any CPU
	EndGlobalSection
	GlobalSection(SolutionProperties) = preSolution
		HideSolutionNode = FALSE
	EndGlobalSection
	GlobalSection(ExtensibilityGlobals) = postSolution
		SolutionGuid = {01864DB2-AB96-4860-B940-E1443719CECC}
	EndGlobalSection
EndGlobal
